
Microsoft Visual Studio Solution File, Format Version 12.00
# Visual Studio Version 16
VisualStudioVersion = 16.0.33529.622
MinimumVisualStudioVersion = 10.0.40219.1
Project("{9A19103F-16F7-4668-BE54-9A1E7A4F7556}") = "WebApplication1", "WebApplication1\WebApplication1.csproj", "{2BFDA7BC-7888-4931-8C6B-207FE6793758}"
EndProject
Global
	GlobalSection(SolutionConfigurationPlatforms) = preSolution
		Debug|Any CPU = Debug|Any CPU
		Release|Any CPU = Release|Any CPU
	EndGlobalSection
	GlobalSection(ProjectConfigurationPlatforms) = postSolution
		{2BFDA7BC-7888-4931-8C6B-207FE6793758}.Debug|Any CPU.ActiveCfg = Debug|Any CPU
		{2BFDA7BC-7888-4931-8C6B-207FE6793758}.Debug|Any CPU.Build.0 = Debug|Any CPU
		{2BFDA7BC-7888-4931-8C6B-207FE6793758}.Release|Any CPU.ActiveCfg = Release|Any CPU
		{2BFDA7BC-7888-4931-8C6B-207FE6793758}.Release|Any CPU.Build.0 = Release|Any CPU
	EndGlobalSection
	GlobalSection(SolutionProperties) = preSolution
		HideSolutionNode = FALSE
	EndGlobalSection
	GlobalSection(ExtensibilityGlobals) = postSolution
		SolutionGuid = {A66D94BA-A36F-44C6-9A99-15328C8DEE09}
	EndGlobalSection
EndGlobal
